
Microsoft Visual Studio Solution File, Format Version 12.00
# Visual Studio Version 16
VisualStudioVersion = 16.0.32802.440
MinimumVisualStudioVersion = 10.0.40219.1
Project("{FAE04EC0-301F-11D3-BF4B-00C04F79EFBC}") = "MiXhortcut", "MiXhortcut\MiXhortcut.csproj", "{0EA122E7-2329-4BAF-A0DA-89FF50A8D9D9}"
EndProject
Project("{FAE04EC0-301F-11D3-BF4B-00C04F79EFBC}") = "MiXLaunch", "MiXLaunch\MiXLaunch.csproj", "{E4A9BA60-3DFB-40CF-A9DB-99F7C9476669}"
EndProject
Project("{C7167F0D-BC9F-4E6E-AFE1-012C56B48DB5}") = "3DShortcut", "3DShortcut\3DShortcut.wapproj", "{48C21017-AC6E-44F1-91C3-C66C809082DB}"
EndProject
Global
	GlobalSection(SolutionConfigurationPlatforms) = preSolution
		Debug|Any CPU = Debug|Any CPU
		Debug|ARM = Debug|ARM
		Debug|ARM64 = Debug|ARM64
		Debug|x64 = Debug|x64
		Debug|x86 = Debug|x86
		Release|Any CPU = Release|Any CPU
		Release|ARM = Release|ARM
		Release|ARM64 = Release|ARM64
		Release|x64 = Release|x64
		Release|x86 = Release|x86
	EndGlobalSection
	GlobalSection(ProjectConfigurationPlatforms) = postSolution
		{0EA122E7-2329-4BAF-A0DA-89FF50A8D9D9}.Debug|Any CPU.ActiveCfg = Debug|x86
		{0EA122E7-2329-4BAF-A0DA-89FF50A8D9D9}.Debug|Any CPU.Build.0 = Debug|x86
		{0EA122E7-2329-4BAF-A0DA-89FF50A8D9D9}.Debug|ARM.ActiveCfg = Debug|ARM
		{0EA122E7-2329-4BAF-A0DA-89FF50A8D9D9}.Debug|ARM.Build.0 = Debug|ARM
		{0EA122E7-2329-4BAF-A0DA-89FF50A8D9D9}.Debug|ARM64.ActiveCfg = Debug|ARM64
		{0EA122E7-2329-4BAF-A0DA-89FF50A8D9D9}.Debug|ARM64.Build.0 = Debug|ARM64
		{0EA122E7-2329-4BAF-A0DA-89FF50A8D9D9}.Debug|x64.ActiveCfg = Debug|x64
		{0EA122E7-2329-4BAF-A0DA-89FF50A8D9D9}.Debug|x64.Build.0 = Debug|x64
		{0EA122E7-2329-4BAF-A0DA-89FF50A8D9D9}.Debug|x86.ActiveCfg = Debug|x86
		{0EA122E7-2329-4BAF-A0DA-89FF50A8D9D9}.Debug|x86.Build.0 = Debug|x86
		{0EA122E7-2329-4BAF-A0DA-89FF50A8D9D9}.Release|Any CPU.ActiveCfg = Release|x86
		{0EA122E7-2329-4BAF-A0DA-89FF50A8D9D9}.Release|Any CPU.Build.0 = Release|x86
		{0EA122E7-2329-4BAF-A0DA-89FF50A8D9D9}.Release|ARM.ActiveCfg = Release|ARM
		{0EA122E7-2329-4BAF-A0DA-89FF50A8D9D9}.Release|ARM.Build.0 = Release|ARM
		{0EA122E7-2329-4BAF-A0DA-89FF50A8D9D9}.Release|ARM64.ActiveCfg = Release|ARM64
		{0EA122E7-2329-4BAF-A0DA-89FF50A8D9D9}.Release|ARM64.Build.0 = Release|ARM64
		{0EA122E7-2329-4BAF-A0DA-89FF50A8D9D9}.Release|x64.ActiveCfg = Release|x64
		{0EA122E7-2329-4BAF-A0DA-89FF50A8D9D9}.Release|x64.Build.0 = Release|x64
		{0EA122E7-2329-4BAF-A0DA-89FF50A8D9D9}.Release|x86.ActiveCfg = Release|x86
		{0EA122E7-2329-4BAF-A0DA-89FF50A8D9D9}.Release|x86.Build.0 = Release|x86
		{E4A9BA60-3DFB-40CF-A9DB-99F7C9476669}.Debug|Any CPU.ActiveCfg = Debug|Any CPU
		{E4A9BA60-3DFB-40CF-A9DB-99F7C9476669}.Debug|Any CPU.Build.0 = Debug|Any CPU
		{E4A9BA60-3DFB-40CF-A9DB-99F7C9476669}.Debug|ARM.ActiveCfg = Debug|Any CPU
		{E4A9BA60-3DFB-40CF-A9DB-99F7C9476669}.Debug|ARM.Build.0 = Debug|Any CPU
		{E4A9BA60-3DFB-40CF-A9DB-99F7C9476669}.Debug|ARM64.ActiveCfg = Debug|Any CPU
		{E4A9BA60-3DFB-40CF-A9DB-99F7C9476669}.Debug|ARM64.Build.0 = Debug|Any CPU
		{E4A9BA60-3DFB-40CF-A9DB-99F7C9476669}.Debug|x64.ActiveCfg = Debug|Any CPU
		{E4A9BA60-3DFB-40CF-A9DB-99F7C9476669}.Debug|x64.Build.0 = Debug|Any CPU
		{E4A9BA60-3DFB-40CF-A9DB-99F7C9476669}.Debug|x86.ActiveCfg = Debug|Any CPU
		{E4A9BA60-3DFB-40CF-A9DB-99F7C9476669}.Debug|x86.Build.0 = Debug|Any CPU
		{E4A9BA60-3DFB-40CF-A9DB-99F7C9476669}.Release|Any CPU.ActiveCfg = Release|Any CPU
		{E4A9BA60-3DFB-40CF-A9DB-99F7C9476669}.Release|Any CPU.Build.0 = Release|Any CPU
		{E4A9BA60-3DFB-40CF-A9DB-99F7C9476669}.Release|ARM.ActiveCfg = Release|Any CPU
		{E4A9BA60-3DFB-40CF-A9DB-99F7C9476669}.Release|ARM.Build.0 = Release|Any CPU
		{E4A9BA60-3DFB-40CF-A9DB-99F7C9476669}.Release|ARM64.ActiveCfg = Release|Any CPU
		{E4A9BA60-3DFB-40CF-A9DB-99F7C9476669}.Release|ARM64.Build.0 = Release|Any CPU
		{E4A9BA60-3DFB-40CF-A9DB-99F7C9476669}.Release|x64.ActiveCfg = Release|Any CPU
		{E4A9BA60-3DFB-40CF-A9DB-99F7C9476669}.Release|x64.Build.0 = Release|Any CPU
		{E4A9BA60-3DFB-40CF-A9DB-99F7C9476669}.Release|x86.ActiveCfg = Release|Any CPU
		{E4A9BA60-3DFB-40CF-A9DB-99F7C9476669}.Release|x86.Build.0 = Release|Any CPU
		{48C21017-AC6E-44F1-91C3-C66C809082DB}.Debug|Any CPU.ActiveCfg = Debug|Any CPU
		{48C21017-AC6E-44F1-91C3-C66C809082DB}.Debug|Any CPU.Build.0 = Debug|Any CPU
		{48C21017-AC6E-44F1-91C3-C66C809082DB}.Debug|Any CPU.Deploy.0 = Debug|Any CPU
		{48C21017-AC6E-44F1-91C3-C66C809082DB}.Debug|ARM.ActiveCfg = Debug|ARM
		{48C21017-AC6E-44F1-91C3-C66C809082DB}.Debug|ARM.Build.0 = Debug|ARM
		{48C21017-AC6E-44F1-91C3-C66C809082DB}.Debug|ARM.Deploy.0 = Debug|ARM
		{48C21017-AC6E-44F1-91C3-C66C809082DB}.Debug|ARM64.ActiveCfg = Debug|ARM64
		{48C21017-AC6E-44F1-91C3-C66C809082DB}.Debug|ARM64.Build.0 = Debug|ARM64
		{48C21017-AC6E-44F1-91C3-C66C809082DB}.Debug|ARM64.Deploy.0 = Debug|ARM64
		{48C21017-AC6E-44F1-91C3-C66C809082DB}.Debug|x64.ActiveCfg = Debug|x64
		{48C21017-AC6E-44F1-91C3-C66C809082DB}.Debug|x64.Build.0 = Debug|x64
		{48C21017-AC6E-44F1-91C3-C66C809082DB}.Debug|x64.Deploy.0 = Debug|x64
		{48C21017-AC6E-44F1-91C3-C66C809082DB}.Debug|x86.ActiveCfg = Debug|x86
		{48C21017-AC6E-44F1-91C3-C66C809082DB}.Debug|x86.Build.0 = Debug|x86
		{48C21017-AC6E-44F1-91C3-C66C809082DB}.Debug|x86.Deploy.0 = Debug|x86
		{48C21017-AC6E-44F1-91C3-C66C809082DB}.Release|Any CPU.ActiveCfg = Release|Any CPU
		{48C21017-AC6E-44F1-91C3-C66C809082DB}.Release|Any CPU.Build.0 = Release|Any CPU
		{48C21017-AC6E-44F1-91C3-C66C809082DB}.Release|Any CPU.Deploy.0 = Release|Any CPU
		{48C21017-AC6E-44F1-91C3-C66C809082DB}.Release|ARM.ActiveCfg = Release|ARM
		{48C21017-AC6E-44F1-91C3-C66C809082DB}.Release|ARM.Build.0 = Release|ARM
		{48C21017-AC6E-44F1-91C3-C66C809082DB}.Release|ARM.Deploy.0 = Release|ARM
		{48C21017-AC6E-44F1-91C3-C66C809082DB}.Release|ARM64.ActiveCfg = Release|ARM64
		{48C21017-AC6E-44F1-91C3-C66C809082DB}.Release|ARM64.Build.0 = Release|ARM64
		{48C21017-AC6E-44F1-91C3-C66C809082DB}.Release|ARM64.Deploy.0 = Release|ARM64
		{48C21017-AC6E-44F1-91C3-C66C809082DB}.Release|x64.ActiveCfg = Release|x64
		{48C21017-AC6E-44F1-91C3-C66C809082DB}.Release|x64.Build.0 = Release|x64
		{48C21017-AC6E-44F1-91C3-C66C809082DB}.Release|x64.Deploy.0 = Release|x64
		{48C21017-AC6E-44F1-91C3-C66C809082DB}.Release|x86.ActiveCfg = Release|x86
		{48C21017-AC6E-44F1-91C3-C66C809082DB}.Release|x86.Build.0 = Release|x86
		{48C21017-AC6E-44F1-91C3-C66C809082DB}.Release|x86.Deploy.0 = Release|x86
	EndGlobalSection
	GlobalSection(SolutionProperties) = preSolution
		HideSolutionNode = FALSE
	EndGlobalSection
	GlobalSection(ExtensibilityGlobals) = postSolution
		SolutionGuid = {B482F283-0CB8-4606-9A1E-3DBF3B76A524}
	EndGlobalSection
EndGlobal
